
Microsoft Visual Studio Solution File, Format Version 12.00
# Visual Studio Version 17
VisualStudioVersion = 17.4.33110.190
MinimumVisualStudioVersion = 10.0.40219.1
Project("{888888A0-9F3D-457C-B088-3A5042F75D52}") = "fracktal_6", "fracktal_6\fracktal_6.pyproj", "{DB024A59-B49A-478A-BB2F-D964A9FC38BE}"
EndProject
Global
	GlobalSection(SolutionConfigurationPlatforms) = preSolution
		Debug|Any CPU = Debug|Any CPU
		Release|Any CPU = Release|Any CPU
	EndGlobalSection
	GlobalSection(ProjectConfigurationPlatforms) = postSolution
		{DB024A59-B49A-478A-BB2F-D964A9FC38BE}.Debug|Any CPU.ActiveCfg = Debug|Any CPU
		{DB024A59-B49A-478A-BB2F-D964A9FC38BE}.Release|Any CPU.ActiveCfg = Release|Any CPU
	EndGlobalSection
	GlobalSection(SolutionProperties) = preSolution
		HideSolutionNode = FALSE
	EndGlobalSection
	GlobalSection(ExtensibilityGlobals) = postSolution
		SolutionGuid = {C3BBCC2B-6055-4761-AB5A-ED1B78B66119}
	EndGlobalSection
EndGlobal
